{
  "originHash" : "3619b86d0a0b41210e4de3108e2362587b0b6c3078e7adf1bc90bc1e89db0026",
  "pins" : [
    {
      "identity" : "appauth-ios",
      "kind" : "remoteSourceControl",
      "location" : "https://github.com/openid/AppAuth-iOS.git",
      "state" : {
        "revision" : "2781038865a80e2c425a1da12cc1327bcd56501f",
        "version" : "1.7.6"
      }
    },
    {
      "identity" : "ioscrypto",
      "kind" : "remoteSourceControl",
      "location" : "https://github.com/the-best-is-best/IOSCrypto",
      "state" : {
        "revision" : "6c57d1fb60d2a95d44e1a3fd0a2caeb0a5193e34",
        "version" : "1.0.1"
      }
    }
  ],
  "version" : 3
}
