{
  "originHash" : "36f993eecd46dbe27d4d2f3a6ebf213d95269ccc51fd77aea5ac59ba5b244136",
  "pins" : [
    {
      "identity" : "appauth-ios",
      "kind" : "remoteSourceControl",
      "location" : "https://github.com/openid/AppAuth-iOS.git",
      "state" : {
        "revision" : "145104f5ea9d58ae21b60add007c33c1cc0c948e",
        "version" : "2.0.0"
      }
    },
    {
      "identity" : "appauthintrop",
      "kind" : "remoteSourceControl",
      "location" : "https://github.com/the-best-is-best/AppAuthIntrop",
      "state" : {
        "branch" : "fix2",
        "revision" : "c65519eaca06c1893fc8ee6a60783ecc953488ff"
      }
    },
    {
      "identity" : "ioscrypto",
      "kind" : "remoteSourceControl",
      "location" : "https://github.com/the-best-is-best/IOSCrypto",
      "state" : {
        "revision" : "6c57d1fb60d2a95d44e1a3fd0a2caeb0a5193e34",
        "version" : "1.0.1"
      }
    }
  ],
  "version" : 3
}
